
Microsoft Visual Studio Solution File, Format Version 12.00
# Visual Studio 2013
VisualStudioVersion = 12.0.30501.0
MinimumVisualStudioVersion = 10.0.40219.1
Project("{FAE04EC0-301F-11D3-BF4B-00C04F79EFBC}") = "NavierStokesFluid_WebGL_TS", "NavierStokesFluid_WebGL_TS.csproj", "{BD4EB4B8-F568-4AC3-9AC6-5F0E5D661A14}"
EndProject
Global
	GlobalSection(SolutionConfigurationPlatforms) = preSolution
		Debug|Any CPU = Debug|Any CPU
		Release|Any CPU = Release|Any CPU
	EndGlobalSection
	GlobalSection(ProjectConfigurationPlatforms) = postSolution
		{BD4EB4B8-F568-4AC3-9AC6-5F0E5D661A14}.Debug|Any CPU.ActiveCfg = Debug|Any CPU
		{BD4EB4B8-F568-4AC3-9AC6-5F0E5D661A14}.Debug|Any CPU.Build.0 = Debug|Any CPU
		{BD4EB4B8-F568-4AC3-9AC6-5F0E5D661A14}.Release|Any CPU.ActiveCfg = Release|Any CPU
		{BD4EB4B8-F568-4AC3-9AC6-5F0E5D661A14}.Release|Any CPU.Build.0 = Release|Any CPU
	EndGlobalSection
	GlobalSection(SolutionProperties) = preSolution
		HideSolutionNode = FALSE
	EndGlobalSection
EndGlobal
